{
  "version": "5",
  "redirects": {
    "https://esm.sh/@supabase/supabase-js@2": "https://esm.sh/@supabase/supabase-js@2.117.3"
  },
  "remote": {
    "https://esm.sh/@supabase/supabase-js@2.117.3": "614f9e550b12b4be7054f947cc4949ebcc0eceeb8e83f7e226cc875356e9b126"
  },
  "workspace": {
    "packageJson": {
      "dependencies": [
        "npm:@supabase/supabase-js@^2.110.2",
        "npm:@tailwindcss/vite@^4.3.2",
        "npm:@types/node@^24.13.2",
        "npm:@types/react-dom@^19.2.3",
        "npm:@types/react@^19.2.17",
        "npm:@vitejs/plugin-react@^6.0.3",
        "npm:basic-ftp@^6.0.1",
        "npm:h5p-standalone@^3.8.2",
        "npm:jszip@^3.10.1",
        "npm:oxlint@^1.71.0",
        "npm:react-dom@^19.2.7",
        "npm:react-router-dom@^7.18.1",
        "npm:react@^19.2.7",
        "npm:tailwindcss@^4.3.2",
        "npm:typescript@~6.0.2",
        "npm:vite@^8.1.1",
        "npm:xlsx@~0.18.5"
      ]
    }
  }
}
